// !$*UTF8*$!
{
	archiveVersion = 1;
	classes = {
	};
	objectVersion = 46;
	objects = {

/* Begin PBXBuildFile section */
		CB03E6721EBED2ED005511A0 /* Podfile in Resources */ = {isa = PBXBuildFile; fileRef = CB03E6711EBED2ED005511A0 /* Podfile */; };
		CB03E6751EBED504005511A0 /* UIButton+EX.m in Sources */ = {isa = PBXBuildFile; fileRef = CB03E6741EBED504005511A0 /* UIButton+EX.m */; };
		CBCF91251EBECEF8006BB5E3 /* main.m in Sources */ = {isa = PBXBuildFile; fileRef = CBCF91241EBECEF8006BB5E3 /* main.m */; };
		CBCF91281EBECEF8006BB5E3 /* AppDelegate.m in Sources */ = {isa = PBXBuildFile; fileRef = CBCF91271EBECEF8006BB5E3 /* AppDelegate.m */; };
		CBCF91301EBECEF9006BB5E3 /* Assets.xcassets in Resources */ = {isa = PBXBuildFile; fileRef = CBCF912F1EBECEF9006BB5E3 /* Assets.xcassets */; };
		CBCF91331EBECEF9006BB5E3 /* LaunchScreen.storyboard in Resources */ = {isa = PBXBuildFile; fileRef = CBCF91311EBECEF9006BB5E3 /* LaunchScreen.storyboard */; };
		CBCF914A1EBED0E5006BB5E3 /* UIView+EX.m in Sources */ = {isa = PBXBuildFile; fileRef = CBCF91491EBED0E5006BB5E3 /* UIView+EX.m */; };
/* End PBXBuildFile section */

/* Begin PBXFileReference section */
		CB03E6701EBED28F005511A0 /* APPConst.h */ = {isa = PBXFileReference; lastKnownFileType = sourcecode.c.h; path = APPConst.h; sourceTree = "<group>"; };
		CB03E6711EBED2ED005511A0 /* Podfile */ = {isa = PBXFileReference; fileEncoding = 4; lastKnownFileType = text; path = Podfile; sourceTree = "<group>"; };
		CB03E6731EBED504005511A0 /* UIButton+EX.h */ = {isa = PBXFileReference; fileEncoding = 4; lastKnownFileType = sourcecode.c.h; path = "UIButton+EX.h"; sourceTree = "<group>"; };
		CB03E6741EBED504005511A0 /* UIButton+EX.m */ = {isa = PBXFileReference; fileEncoding = 4; lastKnownFileType = sourcecode.c.objc; path = "UIButton+EX.m"; sourceTree = "<group>"; };
		CBCF91201EBECEF8006BB5E3 /* AppTemplate_iOS.app */ = {isa = PBXFileReference; explicitFileType = wrapper.application; includeInIndex = 0; path = AppTemplate_iOS.app; sourceTree = BUILT_PRODUCTS_DIR; };
		CBCF91241EBECEF8006BB5E3 /* main.m */ = {isa = PBXFileReference; lastKnownFileType = sourcecode.c.objc; path = main.m; sourceTree = "<group>"; };
		CBCF91261EBECEF8006BB5E3 /* AppDelegate.h */ = {isa = PBXFileReference; lastKnownFileType = sourcecode.c.h; path = AppDelegate.h; sourceTree = "<group>"; };
		CBCF91271EBECEF8006BB5E3 /* AppDelegate.m */ = {isa = PBXFileReference; lastKnownFileType = sourcecode.c.objc; path = AppDelegate.m; sourceTree = "<group>"; };
		CBCF912F1EBECEF9006BB5E3 /* Assets.xcassets */ = {isa = PBXFileReference; lastKnownFileType = folder.assetcatalog; path = Assets.xcassets; sourceTree = "<group>"; };
		CBCF91321EBECEF9006BB5E3 /* Base */ = {isa = PBXFileReference; lastKnownFileType = file.storyboard; name = Base; path = Base.lproj/LaunchScreen.storyboard; sourceTree = "<group>"; };
		CBCF91341EBECEF9006BB5E3 /* Info.plist */ = {isa = PBXFileReference; lastKnownFileType = text.plist.xml; path = Info.plist; sourceTree = "<group>"; };
		CBCF91481EBED0E5006BB5E3 /* UIView+EX.h */ = {isa = PBXFileReference; fileEncoding = 4; lastKnownFileType = sourcecode.c.h; path = "UIView+EX.h"; sourceTree = "<group>"; };
		CBCF91491EBED0E5006BB5E3 /* UIView+EX.m */ = {isa = PBXFileReference; fileEncoding = 4; lastKnownFileType = sourcecode.c.objc; path = "UIView+EX.m"; sourceTree = "<group>"; };
/* End PBXFileReference section */

/* Begin PBXFrameworksBuildPhase section */
		CBCF911D1EBECEF8006BB5E3 /* Frameworks */ = {
			isa = PBXFrameworksBuildPhase;
			buildActionMask = 2147483647;
			files = (
			);
			runOnlyForDeploymentPostprocessing = 0;
		};
/* End PBXFrameworksBuildPhase section */

/* Begin PBXGroup section */
		CB03E66F1EBED25E005511A0 /* AppBase */ = {
			isa = PBXGroup;
			children = (
				CB03E6701EBED28F005511A0 /* APPConst.h */,
			);
			path = AppBase;
			sourceTree = "<group>";
		};
		CBCF91171EBECEF8006BB5E3 = {
			isa = PBXGroup;
			children = (
				CB03E6711EBED2ED005511A0 /* Podfile */,
				CB03E66F1EBED25E005511A0 /* AppBase */,
				CBCF91471EBECF99006BB5E3 /* UIKitEx */,
				CBCF91221EBECEF8006BB5E3 /* AppTemplate_iOS */,
				CBCF91211EBECEF8006BB5E3 /* Products */,
			);
			sourceTree = "<group>";
		};
		CBCF91211EBECEF8006BB5E3 /* Products */ = {
			isa = PBXGroup;
			children = (
				CBCF91201EBECEF8006BB5E3 /* AppTemplate_iOS.app */,
			);
			name = Products;
			sourceTree = "<group>";
		};
		CBCF91221EBECEF8006BB5E3 /* AppTemplate_iOS */ = {
			isa = PBXGroup;
			children = (
				CBCF91261EBECEF8006BB5E3 /* AppDelegate.h */,
				CBCF91271EBECEF8006BB5E3 /* AppDelegate.m */,
				CBCF912F1EBECEF9006BB5E3 /* Assets.xcassets */,
				CBCF91311EBECEF9006BB5E3 /* LaunchScreen.storyboard */,
				CBCF91341EBECEF9006BB5E3 /* Info.plist */,
				CBCF91231EBECEF8006BB5E3 /* Supporting Files */,
			);
			path = AppTemplate_iOS;
			sourceTree = "<group>";
		};
		CBCF91231EBECEF8006BB5E3 /* Supporting Files */ = {
			isa = PBXGroup;
			children = (
				CBCF91241EBECEF8006BB5E3 /* main.m */,
			);
			name = "Supporting Files";
			sourceTree = "<group>";
		};
		CBCF91471EBECF99006BB5E3 /* UIKitEx */ = {
			isa = PBXGroup;
			children = (
				CBCF91481EBED0E5006BB5E3 /* UIView+EX.h */,
				CBCF91491EBED0E5006BB5E3 /* UIView+EX.m */,
				CB03E6731EBED504005511A0 /* UIButton+EX.h */,
				CB03E6741EBED504005511A0 /* UIButton+EX.m */,
			);
			path = UIKitEx;
			sourceTree = "<group>";
		};
/* End PBXGroup section */

/* Begin PBXNativeTarget section */
		CBCF911F1EBECEF8006BB5E3 /* AppTemplate_iOS */ = {
			isa = PBXNativeTarget;
			buildConfigurationList = CBCF91371EBECEF9006BB5E3 /* Build configuration list for PBXNativeTarget "AppTemplate_iOS" */;
			buildPhases = (
				CBCF911C1EBECEF8006BB5E3 /* Sources */,
				CBCF911D1EBECEF8006BB5E3 /* Frameworks */,
				CBCF911E1EBECEF8006BB5E3 /* Resources */,
			);
			buildRules = (
			);
			dependencies = (
			);
			name = AppTemplate_iOS;
			productName = AppTemplate_iOS;
			productReference = CBCF91201EBECEF8006BB5E3 /* AppTemplate_iOS.app */;
			productType = "com.apple.product-type.application";
		};
/* End PBXNativeTarget section */

/* Begin PBXProject section */
		CBCF91181EBECEF8006BB5E3 /* Project object */ = {
			isa = PBXProject;
			attributes = {
				LastUpgradeCheck = 0830;
				ORGANIZATIONNAME = hexuan;
				TargetAttributes = {
					CBCF911F1EBECEF8006BB5E3 = {
						CreatedOnToolsVersion = 8.3;
						DevelopmentTeam = 3323S7MRW7;
						ProvisioningStyle = Automatic;
					};
				};
			};
			buildConfigurationList = CBCF911B1EBECEF8006BB5E3 /* Build configuration list for PBXProject "AppTemplate_iOS" */;
			compatibilityVersion = "Xcode 3.2";
			developmentRegion = English;
			hasScannedForEncodings = 0;
			knownRegions = (
				en,
				Base,
			);
			mainGroup = CBCF91171EBECEF8006BB5E3;
			productRefGroup = CBCF91211EBECEF8006BB5E3 /* Products */;
			projectDirPath = "";
			projectRoot = "";
			targets = (
				CBCF911F1EBECEF8006BB5E3 /* AppTemplate_iOS */,
			);
		};
/* End PBXProject section */

/* Begin PBXResourcesBuildPhase section */
		CBCF911E1EBECEF8006BB5E3 /* Resources */ = {
			isa = PBXResourcesBuildPhase;
			buildActionMask = 2147483647;
			files = (
				CB03E6721EBED2ED005511A0 /* Podfile in Resources */,
				CBCF91331EBECEF9006BB5E3 /* LaunchScreen.storyboard in Resources */,
				CBCF91301EBECEF9006BB5E3 /* Assets.xcassets in Resources */,
			);
			runOnlyForDeploymentPostprocessing = 0;
		};
/* End PBXResourcesBuildPhase section */

/* Begin PBXSourcesBuildPhase section */
		CBCF911C1EBECEF8006BB5E3 /* Sources */ = {
			isa = PBXSourcesBuildPhase;
			buildActionMask = 2147483647;
			files = (
				CBCF91281EBECEF8006BB5E3 /* AppDelegate.m in Sources */,
				CBCF914A1EBED0E5006BB5E3 /* UIView+EX.m in Sources */,
				CB03E6751EBED504005511A0 /* UIButton+EX.m in Sources */,
				CBCF91251EBECEF8006BB5E3 /* main.m in Sources */,
			);
			runOnlyForDeploymentPostprocessing = 0;
		};
/* End PBXSourcesBuildPhase section */

/* Begin PBXVariantGroup section */
		CBCF91311EBECEF9006BB5E3 /* LaunchScreen.storyboard */ = {
			isa = PBXVariantGroup;
			children = (
				CBCF91321EBECEF9006BB5E3 /* Base */,
			);
			name = LaunchScreen.storyboard;
			sourceTree = "<group>";
		};
/* End PBXVariantGroup section */

/* Begin XCBuildConfiguration section */
		CBCF91351EBECEF9006BB5E3 /* Debug */ = {
			isa = XCBuildConfiguration;
			buildSettings = {
				ALWAYS_SEARCH_USER_PATHS = NO;
				CLANG_ANALYZER_NONNULL = YES;
				CLANG_ANALYZER_NUMBER_OBJECT_CONVERSION = YES_AGGRESSIVE;
				CLANG_CXX_LANGUAGE_STANDARD = "gnu++0x";
				CLANG_CXX_LIBRARY = "libc++";
				CLANG_ENABLE_MODULES = YES;
				CLANG_ENABLE_OBJC_ARC = YES;
				CLANG_WARN_BOOL_CONVERSION = YES;
				CLANG_WARN_CONSTANT_CONVERSION = YES;
				CLANG_WARN_DIRECT_OBJC_ISA_USAGE = YES_ERROR;
				CLANG_WARN_DOCUMENTATION_COMMENTS = YES;
				CLANG_WARN_EMPTY_BODY = YES;
				CLANG_WARN_ENUM_CONVERSION = YES;
				CLANG_WARN_INFINITE_RECURSION = YES;
				CLANG_WARN_INT_CONVERSION = YES;
				CLANG_WARN_OBJC_ROOT_CLASS = YES_ERROR;
				CLANG_WARN_SUSPICIOUS_MOVE = YES;
				CLANG_WARN_UNREACHABLE_CODE = YES;
				CLANG_WARN__DUPLICATE_METHOD_MATCH = YES;
				"CODE_SIGN_IDENTITY[sdk=iphoneos*]" = "iPhone Developer";
				COPY_PHASE_STRIP = NO;
				DEBUG_INFORMATION_FORMAT = dwarf;
				ENABLE_STRICT_OBJC_MSGSEND = YES;
				ENABLE_TESTABILITY = YES;
				GCC_C_LANGUAGE_STANDARD = gnu99;
				GCC_DYNAMIC_NO_PIC = NO;
				GCC_NO_COMMON_BLOCKS = YES;
				GCC_OPTIMIZATION_LEVEL = 0;
				GCC_PREPROCESSOR_DEFINITIONS = (
					"DEBUG=1",
					"$(inherited)",
				);
				GCC_WARN_64_TO_32_BIT_CONVERSION = YES;
				GCC_WARN_ABOUT_RETURN_TYPE = YES_ERROR;
				GCC_WARN_UNDECLARED_SELECTOR = YES;
				GCC_WARN_UNINITIALIZED_AUTOS = YES_AGGRESSIVE;
				GCC_WARN_UNUSED_FUNCTION = YES;
				GCC_WARN_UNUSED_VARIABLE = YES;
				IPHONEOS_DEPLOYMENT_TARGET = 10.3;
				MTL_ENABLE_DEBUG_INFO = YES;
				ONLY_ACTIVE_ARCH = YES;
				SDKROOT = iphoneos;
				TARGETED_DEVICE_FAMILY = "1,2";
			};
			name = Debug;
		};
		CBCF91361EBECEF9006BB5E3 /* Release */ = {
			isa = XCBuildConfiguration;
			buildSettings = {
				ALWAYS_SEARCH_USER_PATHS = NO;
				CLANG_ANALYZER_NONNULL = YES;
				CLANG_ANALYZER_NUMBER_OBJECT_CONVERSION = YES_AGGRESSIVE;
				CLANG_CXX_LANGUAGE_STANDARD = "gnu++0x";
				CLANG_CXX_LIBRARY = "libc++";
				CLANG_ENABLE_MODULES = YES;
				CLANG_ENABLE_OBJC_ARC = YES;
				CLANG_WARN_BOOL_CONVERSION = YES;
				CLANG_WARN_CONSTANT_CONVERSION = YES;
				CLANG_WARN_DIRECT_OBJC_ISA_USAGE = YES_ERROR;
				CLANG_WARN_DOCUMENTATION_COMMENTS = YES;
				CLANG_WARN_EMPTY_BODY = YES;
				CLANG_WARN_ENUM_CONVERSION = YES;
				CLANG_WARN_INFINITE_RECURSION = YES;
				CLANG_WARN_INT_CONVERSION = YES;
				CLANG_WARN_OBJC_ROOT_CLASS = YES_ERROR;
				CLANG_WARN_SUSPICIOUS_MOVE = YES;
				CLANG_WARN_UNREACHABLE_CODE = YES;
				CLANG_WARN__DUPLICATE_METHOD_MATCH = YES;
				"CODE_SIGN_IDENTITY[sdk=iphoneos*]" = "iPhone Developer";
				COPY_PHASE_STRIP = NO;
				DEBUG_INFORMATION_FORMAT = "dwarf-with-dsym";
				ENABLE_NS_ASSERTIONS = NO;
				ENABLE_STRICT_OBJC_MSGSEND = YES;
				GCC_C_LANGUAGE_STANDARD = gnu99;
				GCC_NO_COMMON_BLOCKS = YES;
				GCC_WARN_64_TO_32_BIT_CONVERSION = YES;
				GCC_WARN_ABOUT_RETURN_TYPE = YES_ERROR;
				GCC_WARN_UNDECLARED_SELECTOR = YES;
				GCC_WARN_UNINITIALIZED_AUTOS = YES_AGGRESSIVE;
				GCC_WARN_UNUSED_FUNCTION = YES;
				GCC_WARN_UNUSED_VARIABLE = YES;
				IPHONEOS_DEPLOYMENT_TARGET = 10.3;
				MTL_ENABLE_DEBUG_INFO = NO;
				SDKROOT = iphoneos;
				TARGETED_DEVICE_FAMILY = "1,2";
				VALIDATE_PRODUCT = YES;
			};
			name = Release;
		};
		CBCF91381EBECEF9006BB5E3 /* Debug */ = {
			isa = XCBuildConfiguration;
			buildSettings = {
				ASSETCATALOG_COMPILER_APPICON_NAME = AppIcon;
				DEVELOPMENT_TEAM = 3323S7MRW7;
				INFOPLIST_FILE = AppTemplate_iOS/Info.plist;
				LD_RUNPATH_SEARCH_PATHS = "$(inherited) @executable_path/Frameworks";
				PRODUCT_BUNDLE_IDENTIFIER = "cn.btmd.AppTemplate-iOS";
				PRODUCT_NAME = "$(TARGET_NAME)";
			};
			name = Debug;
		};
		CBCF91391EBECEF9006BB5E3 /* Release */ = {
			isa = XCBuildConfiguration;
			buildSettings = {
				ASSETCATALOG_COMPILER_APPICON_NAME = AppIcon;
				DEVELOPMENT_TEAM = 3323S7MRW7;
				INFOPLIST_FILE = AppTemplate_iOS/Info.plist;
				LD_RUNPATH_SEARCH_PATHS = "$(inherited) @executable_path/Frameworks";
				PRODUCT_BUNDLE_IDENTIFIER = "cn.btmd.AppTemplate-iOS";
				PRODUCT_NAME = "$(TARGET_NAME)";
			};
			name = Release;
		};
/* End XCBuildConfiguration section */

/* Begin XCConfigurationList section */
		CBCF911B1EBECEF8006BB5E3 /* Build configuration list for PBXProject "AppTemplate_iOS" */ = {
			isa = XCConfigurationList;
			buildConfigurations = (
				CBCF91351EBECEF9006BB5E3 /* Debug */,
				CBCF91361EBECEF9006BB5E3 /* Release */,
			);
			defaultConfigurationIsVisible = 0;
			defaultConfigurationName = Release;
		};
		CBCF91371EBECEF9006BB5E3 /* Build configuration list for PBXNativeTarget "AppTemplate_iOS" */ = {
			isa = XCConfigurationList;
			buildConfigurations = (
				CBCF91381EBECEF9006BB5E3 /* Debug */,
				CBCF91391EBECEF9006BB5E3 /* Release */,
			);
			defaultConfigurationIsVisible = 0;
			defaultConfigurationName = Release;
		};
/* End XCConfigurationList section */
	};
	rootObject = CBCF91181EBECEF8006BB5E3 /* Project object */;
}
